
Microsoft Visual Studio Solution File, Format Version 12.00
# Visual Studio 14
VisualStudioVersion = 14.0.25420.1
MinimumVisualStudioVersion = 10.0.40219.1
Project("{FAE04EC0-301F-11D3-BF4B-00C04F79EFBC}") = "MyTest", "MyTest\MyTest.csproj", "{F4F4A4F2-4C80-4850-A149-5D1FAA43B641}"
EndProject
Project("{FAE04EC0-301F-11D3-BF4B-00C04F79EFBC}") = "BL", "BL\BL.csproj", "{9293B40A-0D27-4B3F-9A58-BBC89D680B5A}"
EndProject
Global
	GlobalSection(SolutionConfigurationPlatforms) = preSolution
		Debug|Any CPU = Debug|Any CPU
		Release|Any CPU = Release|Any CPU
	EndGlobalSection
	GlobalSection(ProjectConfigurationPlatforms) = postSolution
		{F4F4A4F2-4C80-4850-A149-5D1FAA43B641}.Debug|Any CPU.ActiveCfg = Debug|Any CPU
		{F4F4A4F2-4C80-4850-A149-5D1FAA43B641}.Debug|Any CPU.Build.0 = Debug|Any CPU
		{F4F4A4F2-4C80-4850-A149-5D1FAA43B641}.Release|Any CPU.ActiveCfg = Release|Any CPU
		{F4F4A4F2-4C80-4850-A149-5D1FAA43B641}.Release|Any CPU.Build.0 = Release|Any CPU
		{9293B40A-0D27-4B3F-9A58-BBC89D680B5A}.Debug|Any CPU.ActiveCfg = Debug|Any CPU
		{9293B40A-0D27-4B3F-9A58-BBC89D680B5A}.Debug|Any CPU.Build.0 = Debug|Any CPU
		{9293B40A-0D27-4B3F-9A58-BBC89D680B5A}.Release|Any CPU.ActiveCfg = Release|Any CPU
		{9293B40A-0D27-4B3F-9A58-BBC89D680B5A}.Release|Any CPU.Build.0 = Release|Any CPU
	EndGlobalSection
	GlobalSection(SolutionProperties) = preSolution
		HideSolutionNode = FALSE
	EndGlobalSection
EndGlobal
